
Microsoft Visual Studio Solution File, Format Version 12.00
Project("{FAE04EC0-301F-11D3-BF4B-00C04F79EFBC}") = "Labo05_Ej_05", "Labo05_Ej_05\Labo05_Ej_05.csproj", "{FC15BC31-EA3F-4BF6-B619-B24CF92B7D59}"
EndProject
Global
	GlobalSection(SolutionConfigurationPlatforms) = preSolution
		Debug|Any CPU = Debug|Any CPU
		Release|Any CPU = Release|Any CPU
	EndGlobalSection
	GlobalSection(ProjectConfigurationPlatforms) = postSolution
		{FC15BC31-EA3F-4BF6-B619-B24CF92B7D59}.Debug|Any CPU.ActiveCfg = Debug|Any CPU
		{FC15BC31-EA3F-4BF6-B619-B24CF92B7D59}.Debug|Any CPU.Build.0 = Debug|Any CPU
		{FC15BC31-EA3F-4BF6-B619-B24CF92B7D59}.Release|Any CPU.ActiveCfg = Release|Any CPU
		{FC15BC31-EA3F-4BF6-B619-B24CF92B7D59}.Release|Any CPU.Build.0 = Release|Any CPU
	EndGlobalSection
EndGlobal
