
Microsoft Visual Studio Solution File, Format Version 12.00
Project("{FAE04EC0-301F-11D3-BF4B-00C04F79EFBC}") = "Labo_Ej01", "Labo_Ej01\Labo_Ej01.csproj", "{AC64CB04-B89A-4CFA-B8A6-9662821DC392}"
EndProject
Global
	GlobalSection(SolutionConfigurationPlatforms) = preSolution
		Debug|Any CPU = Debug|Any CPU
		Release|Any CPU = Release|Any CPU
	EndGlobalSection
	GlobalSection(ProjectConfigurationPlatforms) = postSolution
		{AC64CB04-B89A-4CFA-B8A6-9662821DC392}.Debug|Any CPU.ActiveCfg = Debug|Any CPU
		{AC64CB04-B89A-4CFA-B8A6-9662821DC392}.Debug|Any CPU.Build.0 = Debug|Any CPU
		{AC64CB04-B89A-4CFA-B8A6-9662821DC392}.Release|Any CPU.ActiveCfg = Release|Any CPU
		{AC64CB04-B89A-4CFA-B8A6-9662821DC392}.Release|Any CPU.Build.0 = Release|Any CPU
	EndGlobalSection
EndGlobal
