
Microsoft Visual Studio Solution File, Format Version 12.00
Project("{FAE04EC0-301F-11D3-BF4B-00C04F79EFBC}") = "Labo 05_Ej_02", "Labo 05_Ej_02\Labo 05_Ej_02.csproj", "{230EE4C2-7C6C-4E59-81E9-392FF31C4300}"
EndProject
Global
	GlobalSection(SolutionConfigurationPlatforms) = preSolution
		Debug|Any CPU = Debug|Any CPU
		Release|Any CPU = Release|Any CPU
	EndGlobalSection
	GlobalSection(ProjectConfigurationPlatforms) = postSolution
		{230EE4C2-7C6C-4E59-81E9-392FF31C4300}.Debug|Any CPU.ActiveCfg = Debug|Any CPU
		{230EE4C2-7C6C-4E59-81E9-392FF31C4300}.Debug|Any CPU.Build.0 = Debug|Any CPU
		{230EE4C2-7C6C-4E59-81E9-392FF31C4300}.Release|Any CPU.ActiveCfg = Release|Any CPU
		{230EE4C2-7C6C-4E59-81E9-392FF31C4300}.Release|Any CPU.Build.0 = Release|Any CPU
	EndGlobalSection
EndGlobal
